
Microsoft Visual Studio Solution File, Format Version 12.00
# Visual Studio Version 17
VisualStudioVersion = 17.14.36717.8 d17.14
MinimumVisualStudioVersion = 10.0.40219.1
Project("{FAE04EC0-301F-11D3-BF4B-00C04F79EFBC}") = "podilia-taxi-api", "podilia-taxi-api\podilia-taxi-api.csproj", "{5CC43BCB-3788-4BF3-BDBB-BFC569FCD24A}"
EndProject
Global
	GlobalSection(SolutionConfigurationPlatforms) = preSolution
		Debug|Any CPU = Debug|Any CPU
		Release|Any CPU = Release|Any CPU
	EndGlobalSection
	GlobalSection(ProjectConfigurationPlatforms) = postSolution
		{5CC43BCB-3788-4BF3-BDBB-BFC569FCD24A}.Debug|Any CPU.ActiveCfg = Debug|Any CPU
		{5CC43BCB-3788-4BF3-BDBB-BFC569FCD24A}.Debug|Any CPU.Build.0 = Debug|Any CPU
		{5CC43BCB-3788-4BF3-BDBB-BFC569FCD24A}.Release|Any CPU.ActiveCfg = Release|Any CPU
		{5CC43BCB-3788-4BF3-BDBB-BFC569FCD24A}.Release|Any CPU.Build.0 = Release|Any CPU
	EndGlobalSection
	GlobalSection(SolutionProperties) = preSolution
		HideSolutionNode = FALSE
	EndGlobalSection
	GlobalSection(ExtensibilityGlobals) = postSolution
		SolutionGuid = {7AF6B318-C7EE-45CA-8B53-E2E1102FB8DC}
	EndGlobalSection
EndGlobal
